
Microsoft Visual Studio Solution File, Format Version 12.00
# Visual Studio 14
VisualStudioVersion = 14.0.25420.1
MinimumVisualStudioVersion = 10.0.40219.1
Project("{8BB2217D-0F2D-49D1-97BC-3654ED321F3B}") = "Pantry", "src\Pantry\Pantry.xproj", "{7DFACD80-2024-4D03-AB75-6DED76471954}"
EndProject
Project("{8BB2217D-0F2D-49D1-97BC-3654ED321F3B}") = "ReactViewEngine", "src\ReactViewEngine\ReactViewEngine.xproj", "{EDED524F-84F8-48A8-AE39-5F86EEE40066}"
EndProject
Project("{8BB2217D-0F2D-49D1-97BC-3654ED321F3B}") = "Pantry.Lib", "src\Pantry.Lib\Pantry.Lib.xproj", "{C2AD4477-B6D0-4C8E-ADB5-1331B7A72AA6}"
EndProject
Project("{8BB2217D-0F2D-49D1-97BC-3654ED321F3B}") = "Pantry.Api", "src\Pantry.Api\Pantry.Api.xproj", "{08E316CD-7849-47F1-AC00-D4F86266B97F}"
EndProject
Global
	GlobalSection(SolutionConfigurationPlatforms) = preSolution
		Debug|Any CPU = Debug|Any CPU
		Release|Any CPU = Release|Any CPU
	EndGlobalSection
	GlobalSection(ProjectConfigurationPlatforms) = postSolution
		{7DFACD80-2024-4D03-AB75-6DED76471954}.Debug|Any CPU.ActiveCfg = Debug|Any CPU
		{7DFACD80-2024-4D03-AB75-6DED76471954}.Debug|Any CPU.Build.0 = Debug|Any CPU
		{7DFACD80-2024-4D03-AB75-6DED76471954}.Release|Any CPU.ActiveCfg = Release|Any CPU
		{7DFACD80-2024-4D03-AB75-6DED76471954}.Release|Any CPU.Build.0 = Release|Any CPU
		{EDED524F-84F8-48A8-AE39-5F86EEE40066}.Debug|Any CPU.ActiveCfg = Debug|Any CPU
		{EDED524F-84F8-48A8-AE39-5F86EEE40066}.Debug|Any CPU.Build.0 = Debug|Any CPU
		{EDED524F-84F8-48A8-AE39-5F86EEE40066}.Release|Any CPU.ActiveCfg = Release|Any CPU
		{EDED524F-84F8-48A8-AE39-5F86EEE40066}.Release|Any CPU.Build.0 = Release|Any CPU
		{C2AD4477-B6D0-4C8E-ADB5-1331B7A72AA6}.Debug|Any CPU.ActiveCfg = Debug|Any CPU
		{C2AD4477-B6D0-4C8E-ADB5-1331B7A72AA6}.Debug|Any CPU.Build.0 = Debug|Any CPU
		{C2AD4477-B6D0-4C8E-ADB5-1331B7A72AA6}.Release|Any CPU.ActiveCfg = Release|Any CPU
		{C2AD4477-B6D0-4C8E-ADB5-1331B7A72AA6}.Release|Any CPU.Build.0 = Release|Any CPU
		{08E316CD-7849-47F1-AC00-D4F86266B97F}.Debug|Any CPU.ActiveCfg = Debug|Any CPU
		{08E316CD-7849-47F1-AC00-D4F86266B97F}.Debug|Any CPU.Build.0 = Debug|Any CPU
		{08E316CD-7849-47F1-AC00-D4F86266B97F}.Release|Any CPU.ActiveCfg = Release|Any CPU
		{08E316CD-7849-47F1-AC00-D4F86266B97F}.Release|Any CPU.Build.0 = Release|Any CPU
	EndGlobalSection
	GlobalSection(SolutionProperties) = preSolution
		HideSolutionNode = FALSE
	EndGlobalSection
EndGlobal
